
Microsoft Visual Studio Solution File, Format Version 12.00
# Visual Studio Version 16
VisualStudioVersion = 16.6.30114.105
MinimumVisualStudioVersion = 10.0.40219.1
Project("{FAE04EC0-301F-11D3-BF4B-00C04F79EFBC}") = "API", "API\API.csproj", "{7D00A906-0187-4A52-B20B-78BE5558C9E9}"
EndProject
Project("{FAE04EC0-301F-11D3-BF4B-00C04F79EFBC}") = "Infrastructure", "Infrastructure\Infrastructure.csproj", "{1F04B9BF-F3C2-412E-A895-FC31E90F7074}"
EndProject
Project("{FAE04EC0-301F-11D3-BF4B-00C04F79EFBC}") = "Core", "Core\Core.csproj", "{080CE7BD-43D2-4CA7-911A-42B3BB443FC3}"
EndProject
Global
	GlobalSection(SolutionConfigurationPlatforms) = preSolution
		Debug|Any CPU = Debug|Any CPU
		Debug|x64 = Debug|x64
		Debug|x86 = Debug|x86
		Release|Any CPU = Release|Any CPU
		Release|x64 = Release|x64
		Release|x86 = Release|x86
	EndGlobalSection
	GlobalSection(SolutionProperties) = preSolution
		HideSolutionNode = FALSE
	EndGlobalSection
	GlobalSection(ProjectConfigurationPlatforms) = postSolution
		{7D00A906-0187-4A52-B20B-78BE5558C9E9}.Debug|Any CPU.ActiveCfg = Debug|Any CPU
		{7D00A906-0187-4A52-B20B-78BE5558C9E9}.Debug|Any CPU.Build.0 = Debug|Any CPU
		{7D00A906-0187-4A52-B20B-78BE5558C9E9}.Debug|x64.ActiveCfg = Debug|Any CPU
		{7D00A906-0187-4A52-B20B-78BE5558C9E9}.Debug|x64.Build.0 = Debug|Any CPU
		{7D00A906-0187-4A52-B20B-78BE5558C9E9}.Debug|x86.ActiveCfg = Debug|Any CPU
		{7D00A906-0187-4A52-B20B-78BE5558C9E9}.Debug|x86.Build.0 = Debug|Any CPU
		{7D00A906-0187-4A52-B20B-78BE5558C9E9}.Release|Any CPU.ActiveCfg = Release|Any CPU
		{7D00A906-0187-4A52-B20B-78BE5558C9E9}.Release|Any CPU.Build.0 = Release|Any CPU
		{7D00A906-0187-4A52-B20B-78BE5558C9E9}.Release|x64.ActiveCfg = Release|Any CPU
		{7D00A906-0187-4A52-B20B-78BE5558C9E9}.Release|x64.Build.0 = Release|Any CPU
		{7D00A906-0187-4A52-B20B-78BE5558C9E9}.Release|x86.ActiveCfg = Release|Any CPU
		{7D00A906-0187-4A52-B20B-78BE5558C9E9}.Release|x86.Build.0 = Release|Any CPU
		{1F04B9BF-F3C2-412E-A895-FC31E90F7074}.Debug|Any CPU.ActiveCfg = Debug|Any CPU
		{1F04B9BF-F3C2-412E-A895-FC31E90F7074}.Debug|Any CPU.Build.0 = Debug|Any CPU
		{1F04B9BF-F3C2-412E-A895-FC31E90F7074}.Debug|x64.ActiveCfg = Debug|Any CPU
		{1F04B9BF-F3C2-412E-A895-FC31E90F7074}.Debug|x64.Build.0 = Debug|Any CPU
		{1F04B9BF-F3C2-412E-A895-FC31E90F7074}.Debug|x86.ActiveCfg = Debug|Any CPU
		{1F04B9BF-F3C2-412E-A895-FC31E90F7074}.Debug|x86.Build.0 = Debug|Any CPU
		{1F04B9BF-F3C2-412E-A895-FC31E90F7074}.Release|Any CPU.ActiveCfg = Release|Any CPU
		{1F04B9BF-F3C2-412E-A895-FC31E90F7074}.Release|Any CPU.Build.0 = Release|Any CPU
		{1F04B9BF-F3C2-412E-A895-FC31E90F7074}.Release|x64.ActiveCfg = Release|Any CPU
		{1F04B9BF-F3C2-412E-A895-FC31E90F7074}.Release|x64.Build.0 = Release|Any CPU
		{1F04B9BF-F3C2-412E-A895-FC31E90F7074}.Release|x86.ActiveCfg = Release|Any CPU
		{1F04B9BF-F3C2-412E-A895-FC31E90F7074}.Release|x86.Build.0 = Release|Any CPU
		{080CE7BD-43D2-4CA7-911A-42B3BB443FC3}.Debug|Any CPU.ActiveCfg = Debug|Any CPU
		{080CE7BD-43D2-4CA7-911A-42B3BB443FC3}.Debug|Any CPU.Build.0 = Debug|Any CPU
		{080CE7BD-43D2-4CA7-911A-42B3BB443FC3}.Debug|x64.ActiveCfg = Debug|Any CPU
		{080CE7BD-43D2-4CA7-911A-42B3BB443FC3}.Debug|x64.Build.0 = Debug|Any CPU
		{080CE7BD-43D2-4CA7-911A-42B3BB443FC3}.Debug|x86.ActiveCfg = Debug|Any CPU
		{080CE7BD-43D2-4CA7-911A-42B3BB443FC3}.Debug|x86.Build.0 = Debug|Any CPU
		{080CE7BD-43D2-4CA7-911A-42B3BB443FC3}.Release|Any CPU.ActiveCfg = Release|Any CPU
		{080CE7BD-43D2-4CA7-911A-42B3BB443FC3}.Release|Any CPU.Build.0 = Release|Any CPU
		{080CE7BD-43D2-4CA7-911A-42B3BB443FC3}.Release|x64.ActiveCfg = Release|Any CPU
		{080CE7BD-43D2-4CA7-911A-42B3BB443FC3}.Release|x64.Build.0 = Release|Any CPU
		{080CE7BD-43D2-4CA7-911A-42B3BB443FC3}.Release|x86.ActiveCfg = Release|Any CPU
		{080CE7BD-43D2-4CA7-911A-42B3BB443FC3}.Release|x86.Build.0 = Release|Any CPU
	EndGlobalSection
EndGlobal
